
Microsoft Visual Studio Solution File, Format Version 12.00
# Visual Studio Version 17
VisualStudioVersion = 17.0.31710.8
MinimumVisualStudioVersion = 10.0.40219.1
Project("{9A19103F-16F7-4668-BE54-9A1E7A4F7556}") = "Minimalist.Reactive", "Minimalist.Reactive\Minimalist.Reactive.csproj", "{8999C385-6D33-457C-B686-04B7B8A355B8}"
EndProject
Project("{9A19103F-16F7-4668-BE54-9A1E7A4F7556}") = "Minimalist.Reactive.Sandbox", "Minimalist.Sandbox\Minimalist.Reactive.Sandbox.csproj", "{DA801C64-7900-41CB-ACEF-B0240B96F6AC}"
EndProject
Project("{9A19103F-16F7-4668-BE54-9A1E7A4F7556}") = "Minimalist.Reactive.Tests", "Minimalist.Reactive.Tests\Minimalist.Reactive.Tests.csproj", "{A2EBEC49-3DE6-4FAA-A9EE-A95A573E6728}"
EndProject
Project("{9A19103F-16F7-4668-BE54-9A1E7A4F7556}") = "Minimalist.Reactive.Testing", "Minimalist.Reactive.Testing\Minimalist.Reactive.Testing.csproj", "{EBC88BE7-82ED-407D-B1F3-984317936346}"
EndProject
Project("{FAE04EC0-301F-11D3-BF4B-00C04F79EFBC}") = "Minimalist.Reactive.SourceGenerator", "Minimalist.Reactive.SourceGenerator\Minimalist.Reactive.SourceGenerator.csproj", "{0D274B89-940F-40EC-83C3-5E43E4F10959}"
EndProject
Project("{FAE04EC0-301F-11D3-BF4B-00C04F79EFBC}") = "Minimalist.Reactive.SourceGenerator.Sandbox", "Minimalist.Reactive.SourceGenerator.Sandbox\Minimalist.Reactive.SourceGenerator.Sandbox.csproj", "{A867BF75-D4E1-43DF-8786-F02846C9D1A4}"
EndProject
Global
	GlobalSection(SolutionConfigurationPlatforms) = preSolution
		Debug|Any CPU = Debug|Any CPU
		Release|Any CPU = Release|Any CPU
	EndGlobalSection
	GlobalSection(ProjectConfigurationPlatforms) = postSolution
		{8999C385-6D33-457C-B686-04B7B8A355B8}.Debug|Any CPU.ActiveCfg = Debug|Any CPU
		{8999C385-6D33-457C-B686-04B7B8A355B8}.Debug|Any CPU.Build.0 = Debug|Any CPU
		{8999C385-6D33-457C-B686-04B7B8A355B8}.Release|Any CPU.ActiveCfg = Release|Any CPU
		{8999C385-6D33-457C-B686-04B7B8A355B8}.Release|Any CPU.Build.0 = Release|Any CPU
		{DA801C64-7900-41CB-ACEF-B0240B96F6AC}.Debug|Any CPU.ActiveCfg = Debug|Any CPU
		{DA801C64-7900-41CB-ACEF-B0240B96F6AC}.Debug|Any CPU.Build.0 = Debug|Any CPU
		{DA801C64-7900-41CB-ACEF-B0240B96F6AC}.Release|Any CPU.ActiveCfg = Release|Any CPU
		{DA801C64-7900-41CB-ACEF-B0240B96F6AC}.Release|Any CPU.Build.0 = Release|Any CPU
		{A2EBEC49-3DE6-4FAA-A9EE-A95A573E6728}.Debug|Any CPU.ActiveCfg = Debug|Any CPU
		{A2EBEC49-3DE6-4FAA-A9EE-A95A573E6728}.Debug|Any CPU.Build.0 = Debug|Any CPU
		{A2EBEC49-3DE6-4FAA-A9EE-A95A573E6728}.Release|Any CPU.ActiveCfg = Release|Any CPU
		{A2EBEC49-3DE6-4FAA-A9EE-A95A573E6728}.Release|Any CPU.Build.0 = Release|Any CPU
		{EBC88BE7-82ED-407D-B1F3-984317936346}.Debug|Any CPU.ActiveCfg = Debug|Any CPU
		{EBC88BE7-82ED-407D-B1F3-984317936346}.Debug|Any CPU.Build.0 = Debug|Any CPU
		{EBC88BE7-82ED-407D-B1F3-984317936346}.Release|Any CPU.ActiveCfg = Release|Any CPU
		{EBC88BE7-82ED-407D-B1F3-984317936346}.Release|Any CPU.Build.0 = Release|Any CPU
		{0D274B89-940F-40EC-83C3-5E43E4F10959}.Debug|Any CPU.ActiveCfg = Debug|Any CPU
		{0D274B89-940F-40EC-83C3-5E43E4F10959}.Debug|Any CPU.Build.0 = Debug|Any CPU
		{0D274B89-940F-40EC-83C3-5E43E4F10959}.Release|Any CPU.ActiveCfg = Release|Any CPU
		{0D274B89-940F-40EC-83C3-5E43E4F10959}.Release|Any CPU.Build.0 = Release|Any CPU
		{A867BF75-D4E1-43DF-8786-F02846C9D1A4}.Debug|Any CPU.ActiveCfg = Debug|Any CPU
		{A867BF75-D4E1-43DF-8786-F02846C9D1A4}.Debug|Any CPU.Build.0 = Debug|Any CPU
		{A867BF75-D4E1-43DF-8786-F02846C9D1A4}.Release|Any CPU.ActiveCfg = Release|Any CPU
		{A867BF75-D4E1-43DF-8786-F02846C9D1A4}.Release|Any CPU.Build.0 = Release|Any CPU
	EndGlobalSection
	GlobalSection(SolutionProperties) = preSolution
		HideSolutionNode = FALSE
	EndGlobalSection
	GlobalSection(ExtensibilityGlobals) = postSolution
		SolutionGuid = {C26A0DCD-64DD-4276-8DBC-2A503F42ABF1}
	EndGlobalSection
EndGlobal
